
Microsoft Visual Studio Solution File, Format Version 12.00
# Visual Studio Version 17
VisualStudioVersion = 17.0.31903.59
MinimumVisualStudioVersion = 10.0.40219.1
Project("{2150E333-8FDC-42A3-9474-1A3956D46DE8}") = "Components", "Components", "{F30895DC-C3AC-FF44-FFF8-D51D98AE1B61}"
EndProject
Project("{FAE04EC0-301F-11D3-BF4B-00C04F79EFBC}") = "AvalonDock.Core", "Components\AvalonDock.Core\AvalonDock.Core.csproj", "{0424B153-0620-4714-BD71-D9812F4EC3BF}"
EndProject
Project("{FAE04EC0-301F-11D3-BF4B-00C04F79EFBC}") = "AvalonDock.Avalonia", "Components\AvalonDock.Avalonia\AvalonDock.Avalonia.csproj", "{8882EF68-70A7-430C-8800-4B37F2A0E959}"
EndProject
Project("{2150E333-8FDC-42A3-9474-1A3956D46DE8}") = "AutomationTest", "AutomationTest", "{B712602A-2FD7-D24C-5AC0-D7C9840334D2}"
EndProject
Project("{FAE04EC0-301F-11D3-BF4B-00C04F79EFBC}") = "AvalonDock.Avalonia.Tests", "AutomationTest\AvalonDock.Avalonia.Tests\AvalonDock.Avalonia.Tests.csproj", "{3970C9F2-6CB9-4613-9343-57FBB6C3AEAF}"
EndProject
Project("{FAE04EC0-301F-11D3-BF4B-00C04F79EFBC}") = "AvalonDockAvaloniaApp", "AvalonDockAvaloniaApp\AvalonDockAvaloniaApp.csproj", "{7A0D772D-EA14-4F56-9058-9BECC53DBA9E}"
EndProject
Project("{FAE04EC0-301F-11D3-BF4B-00C04F79EFBC}") = "AvalonDock.Avalonia.PlatformTests", "AutomationTest\AvalonDock.Avalonia.PlatformTests\AvalonDock.Avalonia.PlatformTests.csproj", "{FF107ECF-8D70-4DB7-805E-1ECC55C2FA37}"
EndProject
Project("{FAE04EC0-301F-11D3-BF4B-00C04F79EFBC}") = "AvaloniaDemoProject", "AvaloniaDemoProject\AvaloniaDemoProject.csproj", "{BE037CCF-9442-4F2C-AF29-F17A5F984D2C}"
EndProject
Project("{FAE04EC0-301F-11D3-BF4B-00C04F79EFBC}") = "AvalonDock.Mvvm", "Components\AvalonDock.Mvvm\AvalonDock.Mvvm.csproj", "{C21CB951-CE9D-4FA6-8FD4-A92EE8BEADA8}"
EndProject
Project("{FAE04EC0-301F-11D3-BF4B-00C04F79EFBC}") = "AvalonDock.Mvvm.CommunityToolkit", "Components\AvalonDock.Mvvm.CommunityToolkit\AvalonDock.Mvvm.CommunityToolkit.csproj", "{1548CD19-722E-4B32-BEE5-1CAB5257B1E9}"
EndProject
Project("{FAE04EC0-301F-11D3-BF4B-00C04F79EFBC}") = "AvalonDock.DependencyInjection", "Components\AvalonDock.DependencyInjection\AvalonDock.DependencyInjection.csproj", "{48D96F72-F086-4C08-B272-F71EBDF919FE}"
EndProject
Project("{FAE04EC0-301F-11D3-BF4B-00C04F79EFBC}") = "AvalonDock.Serializer.Xml", "Components\AvalonDock.Serializer.Xml\AvalonDock.Serializer.Xml.csproj", "{F7D1088C-CEC6-4399-B353-1D4B90C1FDDE}"
EndProject
Global
	GlobalSection(SolutionConfigurationPlatforms) = preSolution
		Debug|Any CPU = Debug|Any CPU
		Debug|x64 = Debug|x64
		Debug|x86 = Debug|x86
		Release|Any CPU = Release|Any CPU
		Release|x64 = Release|x64
		Release|x86 = Release|x86
	EndGlobalSection
	GlobalSection(ProjectConfigurationPlatforms) = postSolution
		{0424B153-0620-4714-BD71-D9812F4EC3BF}.Debug|Any CPU.ActiveCfg = Debug|Any CPU
		{0424B153-0620-4714-BD71-D9812F4EC3BF}.Debug|Any CPU.Build.0 = Debug|Any CPU
		{0424B153-0620-4714-BD71-D9812F4EC3BF}.Debug|x64.ActiveCfg = Debug|Any CPU
		{0424B153-0620-4714-BD71-D9812F4EC3BF}.Debug|x64.Build.0 = Debug|Any CPU
		{0424B153-0620-4714-BD71-D9812F4EC3BF}.Debug|x86.ActiveCfg = Debug|Any CPU
		{0424B153-0620-4714-BD71-D9812F4EC3BF}.Debug|x86.Build.0 = Debug|Any CPU
		{0424B153-0620-4714-BD71-D9812F4EC3BF}.Release|Any CPU.ActiveCfg = Release|Any CPU
		{0424B153-0620-4714-BD71-D9812F4EC3BF}.Release|Any CPU.Build.0 = Release|Any CPU
		{0424B153-0620-4714-BD71-D9812F4EC3BF}.Release|x64.ActiveCfg = Release|Any CPU
		{0424B153-0620-4714-BD71-D9812F4EC3BF}.Release|x64.Build.0 = Release|Any CPU
		{0424B153-0620-4714-BD71-D9812F4EC3BF}.Release|x86.ActiveCfg = Release|Any CPU
		{0424B153-0620-4714-BD71-D9812F4EC3BF}.Release|x86.Build.0 = Release|Any CPU
		{8882EF68-70A7-430C-8800-4B37F2A0E959}.Debug|Any CPU.ActiveCfg = Debug|Any CPU
		{8882EF68-70A7-430C-8800-4B37F2A0E959}.Debug|Any CPU.Build.0 = Debug|Any CPU
		{8882EF68-70A7-430C-8800-4B37F2A0E959}.Debug|x64.ActiveCfg = Debug|Any CPU
		{8882EF68-70A7-430C-8800-4B37F2A0E959}.Debug|x64.Build.0 = Debug|Any CPU
		{8882EF68-70A7-430C-8800-4B37F2A0E959}.Debug|x86.ActiveCfg = Debug|Any CPU
		{8882EF68-70A7-430C-8800-4B37F2A0E959}.Debug|x86.Build.0 = Debug|Any CPU
		{8882EF68-70A7-430C-8800-4B37F2A0E959}.Release|Any CPU.ActiveCfg = Release|Any CPU
		{8882EF68-70A7-430C-8800-4B37F2A0E959}.Release|Any CPU.Build.0 = Release|Any CPU
		{8882EF68-70A7-430C-8800-4B37F2A0E959}.Release|x64.ActiveCfg = Release|Any CPU
		{8882EF68-70A7-430C-8800-4B37F2A0E959}.Release|x64.Build.0 = Release|Any CPU
		{8882EF68-70A7-430C-8800-4B37F2A0E959}.Release|x86.ActiveCfg = Release|Any CPU
		{8882EF68-70A7-430C-8800-4B37F2A0E959}.Release|x86.Build.0 = Release|Any CPU
		{3970C9F2-6CB9-4613-9343-57FBB6C3AEAF}.Debug|Any CPU.ActiveCfg = Debug|Any CPU
		{3970C9F2-6CB9-4613-9343-57FBB6C3AEAF}.Debug|Any CPU.Build.0 = Debug|Any CPU
		{3970C9F2-6CB9-4613-9343-57FBB6C3AEAF}.Debug|x64.ActiveCfg = Debug|Any CPU
		{3970C9F2-6CB9-4613-9343-57FBB6C3AEAF}.Debug|x64.Build.0 = Debug|Any CPU
		{3970C9F2-6CB9-4613-9343-57FBB6C3AEAF}.Debug|x86.ActiveCfg = Debug|Any CPU
		{3970C9F2-6CB9-4613-9343-57FBB6C3AEAF}.Debug|x86.Build.0 = Debug|Any CPU
		{3970C9F2-6CB9-4613-9343-57FBB6C3AEAF}.Release|Any CPU.ActiveCfg = Release|Any CPU
		{3970C9F2-6CB9-4613-9343-57FBB6C3AEAF}.Release|Any CPU.Build.0 = Release|Any CPU
		{3970C9F2-6CB9-4613-9343-57FBB6C3AEAF}.Release|x64.ActiveCfg = Release|Any CPU
		{3970C9F2-6CB9-4613-9343-57FBB6C3AEAF}.Release|x64.Build.0 = Release|Any CPU
		{3970C9F2-6CB9-4613-9343-57FBB6C3AEAF}.Release|x86.ActiveCfg = Release|Any CPU
		{3970C9F2-6CB9-4613-9343-57FBB6C3AEAF}.Release|x86.Build.0 = Release|Any CPU
		{7A0D772D-EA14-4F56-9058-9BECC53DBA9E}.Debug|Any CPU.ActiveCfg = Debug|Any CPU
		{7A0D772D-EA14-4F56-9058-9BECC53DBA9E}.Debug|Any CPU.Build.0 = Debug|Any CPU
		{7A0D772D-EA14-4F56-9058-9BECC53DBA9E}.Debug|x64.ActiveCfg = Debug|Any CPU
		{7A0D772D-EA14-4F56-9058-9BECC53DBA9E}.Debug|x64.Build.0 = Debug|Any CPU
		{7A0D772D-EA14-4F56-9058-9BECC53DBA9E}.Debug|x86.ActiveCfg = Debug|Any CPU
		{7A0D772D-EA14-4F56-9058-9BECC53DBA9E}.Debug|x86.Build.0 = Debug|Any CPU
		{7A0D772D-EA14-4F56-9058-9BECC53DBA9E}.Release|Any CPU.ActiveCfg = Release|Any CPU
		{7A0D772D-EA14-4F56-9058-9BECC53DBA9E}.Release|Any CPU.Build.0 = Release|Any CPU
		{7A0D772D-EA14-4F56-9058-9BECC53DBA9E}.Release|x64.ActiveCfg = Release|Any CPU
		{7A0D772D-EA14-4F56-9058-9BECC53DBA9E}.Release|x64.Build.0 = Release|Any CPU
		{7A0D772D-EA14-4F56-9058-9BECC53DBA9E}.Release|x86.ActiveCfg = Release|Any CPU
		{7A0D772D-EA14-4F56-9058-9BECC53DBA9E}.Release|x86.Build.0 = Release|Any CPU
		{FF107ECF-8D70-4DB7-805E-1ECC55C2FA37}.Debug|Any CPU.ActiveCfg = Debug|Any CPU
		{FF107ECF-8D70-4DB7-805E-1ECC55C2FA37}.Debug|Any CPU.Build.0 = Debug|Any CPU
		{FF107ECF-8D70-4DB7-805E-1ECC55C2FA37}.Debug|x64.ActiveCfg = Debug|Any CPU
		{FF107ECF-8D70-4DB7-805E-1ECC55C2FA37}.Debug|x64.Build.0 = Debug|Any CPU
		{FF107ECF-8D70-4DB7-805E-1ECC55C2FA37}.Debug|x86.ActiveCfg = Debug|Any CPU
		{FF107ECF-8D70-4DB7-805E-1ECC55C2FA37}.Debug|x86.Build.0 = Debug|Any CPU
		{FF107ECF-8D70-4DB7-805E-1ECC55C2FA37}.Release|Any CPU.ActiveCfg = Release|Any CPU
		{FF107ECF-8D70-4DB7-805E-1ECC55C2FA37}.Release|Any CPU.Build.0 = Release|Any CPU
		{FF107ECF-8D70-4DB7-805E-1ECC55C2FA37}.Release|x64.ActiveCfg = Release|Any CPU
		{FF107ECF-8D70-4DB7-805E-1ECC55C2FA37}.Release|x64.Build.0 = Release|Any CPU
		{FF107ECF-8D70-4DB7-805E-1ECC55C2FA37}.Release|x86.ActiveCfg = Release|Any CPU
		{FF107ECF-8D70-4DB7-805E-1ECC55C2FA37}.Release|x86.Build.0 = Release|Any CPU
		{BE037CCF-9442-4F2C-AF29-F17A5F984D2C}.Debug|Any CPU.ActiveCfg = Debug|Any CPU
		{BE037CCF-9442-4F2C-AF29-F17A5F984D2C}.Debug|Any CPU.Build.0 = Debug|Any CPU
		{BE037CCF-9442-4F2C-AF29-F17A5F984D2C}.Debug|x64.ActiveCfg = Debug|Any CPU
		{BE037CCF-9442-4F2C-AF29-F17A5F984D2C}.Debug|x64.Build.0 = Debug|Any CPU
		{BE037CCF-9442-4F2C-AF29-F17A5F984D2C}.Debug|x86.ActiveCfg = Debug|Any CPU
		{BE037CCF-9442-4F2C-AF29-F17A5F984D2C}.Debug|x86.Build.0 = Debug|Any CPU
		{BE037CCF-9442-4F2C-AF29-F17A5F984D2C}.Release|Any CPU.ActiveCfg = Release|Any CPU
		{BE037CCF-9442-4F2C-AF29-F17A5F984D2C}.Release|Any CPU.Build.0 = Release|Any CPU
		{BE037CCF-9442-4F2C-AF29-F17A5F984D2C}.Release|x64.ActiveCfg = Release|Any CPU
		{BE037CCF-9442-4F2C-AF29-F17A5F984D2C}.Release|x64.Build.0 = Release|Any CPU
		{BE037CCF-9442-4F2C-AF29-F17A5F984D2C}.Release|x86.ActiveCfg = Release|Any CPU
		{BE037CCF-9442-4F2C-AF29-F17A5F984D2C}.Release|x86.Build.0 = Release|Any CPU
		{C21CB951-CE9D-4FA6-8FD4-A92EE8BEADA8}.Debug|Any CPU.ActiveCfg = Debug|Any CPU
		{C21CB951-CE9D-4FA6-8FD4-A92EE8BEADA8}.Debug|Any CPU.Build.0 = Debug|Any CPU
		{C21CB951-CE9D-4FA6-8FD4-A92EE8BEADA8}.Debug|x64.ActiveCfg = Debug|Any CPU
		{C21CB951-CE9D-4FA6-8FD4-A92EE8BEADA8}.Debug|x64.Build.0 = Debug|Any CPU
		{C21CB951-CE9D-4FA6-8FD4-A92EE8BEADA8}.Debug|x86.ActiveCfg = Debug|Any CPU
		{C21CB951-CE9D-4FA6-8FD4-A92EE8BEADA8}.Debug|x86.Build.0 = Debug|Any CPU
		{C21CB951-CE9D-4FA6-8FD4-A92EE8BEADA8}.Release|Any CPU.ActiveCfg = Release|Any CPU
		{C21CB951-CE9D-4FA6-8FD4-A92EE8BEADA8}.Release|Any CPU.Build.0 = Release|Any CPU
		{C21CB951-CE9D-4FA6-8FD4-A92EE8BEADA8}.Release|x64.ActiveCfg = Release|Any CPU
		{C21CB951-CE9D-4FA6-8FD4-A92EE8BEADA8}.Release|x64.Build.0 = Release|Any CPU
		{C21CB951-CE9D-4FA6-8FD4-A92EE8BEADA8}.Release|x86.ActiveCfg = Release|Any CPU
		{C21CB951-CE9D-4FA6-8FD4-A92EE8BEADA8}.Release|x86.Build.0 = Release|Any CPU
		{1548CD19-722E-4B32-BEE5-1CAB5257B1E9}.Debug|Any CPU.ActiveCfg = Debug|Any CPU
		{1548CD19-722E-4B32-BEE5-1CAB5257B1E9}.Debug|Any CPU.Build.0 = Debug|Any CPU
		{1548CD19-722E-4B32-BEE5-1CAB5257B1E9}.Debug|x64.ActiveCfg = Debug|Any CPU
		{1548CD19-722E-4B32-BEE5-1CAB5257B1E9}.Debug|x64.Build.0 = Debug|Any CPU
		{1548CD19-722E-4B32-BEE5-1CAB5257B1E9}.Debug|x86.ActiveCfg = Debug|Any CPU
		{1548CD19-722E-4B32-BEE5-1CAB5257B1E9}.Debug|x86.Build.0 = Debug|Any CPU
		{1548CD19-722E-4B32-BEE5-1CAB5257B1E9}.Release|Any CPU.ActiveCfg = Release|Any CPU
		{1548CD19-722E-4B32-BEE5-1CAB5257B1E9}.Release|Any CPU.Build.0 = Release|Any CPU
		{1548CD19-722E-4B32-BEE5-1CAB5257B1E9}.Release|x64.ActiveCfg = Release|Any CPU
		{1548CD19-722E-4B32-BEE5-1CAB5257B1E9}.Release|x64.Build.0 = Release|Any CPU
		{1548CD19-722E-4B32-BEE5-1CAB5257B1E9}.Release|x86.ActiveCfg = Release|Any CPU
		{1548CD19-722E-4B32-BEE5-1CAB5257B1E9}.Release|x86.Build.0 = Release|Any CPU
		{48D96F72-F086-4C08-B272-F71EBDF919FE}.Debug|Any CPU.ActiveCfg = Debug|Any CPU
		{48D96F72-F086-4C08-B272-F71EBDF919FE}.Debug|Any CPU.Build.0 = Debug|Any CPU
		{48D96F72-F086-4C08-B272-F71EBDF919FE}.Debug|x64.ActiveCfg = Debug|Any CPU
		{48D96F72-F086-4C08-B272-F71EBDF919FE}.Debug|x64.Build.0 = Debug|Any CPU
		{48D96F72-F086-4C08-B272-F71EBDF919FE}.Debug|x86.ActiveCfg = Debug|Any CPU
		{48D96F72-F086-4C08-B272-F71EBDF919FE}.Debug|x86.Build.0 = Debug|Any CPU
		{48D96F72-F086-4C08-B272-F71EBDF919FE}.Release|Any CPU.ActiveCfg = Release|Any CPU
		{48D96F72-F086-4C08-B272-F71EBDF919FE}.Release|Any CPU.Build.0 = Release|Any CPU
		{48D96F72-F086-4C08-B272-F71EBDF919FE}.Release|x64.ActiveCfg = Release|Any CPU
		{48D96F72-F086-4C08-B272-F71EBDF919FE}.Release|x64.Build.0 = Release|Any CPU
		{48D96F72-F086-4C08-B272-F71EBDF919FE}.Release|x86.ActiveCfg = Release|Any CPU
		{48D96F72-F086-4C08-B272-F71EBDF919FE}.Release|x86.Build.0 = Release|Any CPU
		{F7D1088C-CEC6-4399-B353-1D4B90C1FDDE}.Debug|Any CPU.ActiveCfg = Debug|Any CPU
		{F7D1088C-CEC6-4399-B353-1D4B90C1FDDE}.Debug|Any CPU.Build.0 = Debug|Any CPU
		{F7D1088C-CEC6-4399-B353-1D4B90C1FDDE}.Debug|x64.ActiveCfg = Debug|Any CPU
		{F7D1088C-CEC6-4399-B353-1D4B90C1FDDE}.Debug|x64.Build.0 = Debug|Any CPU
		{F7D1088C-CEC6-4399-B353-1D4B90C1FDDE}.Debug|x86.ActiveCfg = Debug|Any CPU
		{F7D1088C-CEC6-4399-B353-1D4B90C1FDDE}.Debug|x86.Build.0 = Debug|Any CPU
		{F7D1088C-CEC6-4399-B353-1D4B90C1FDDE}.Release|Any CPU.ActiveCfg = Release|Any CPU
		{F7D1088C-CEC6-4399-B353-1D4B90C1FDDE}.Release|Any CPU.Build.0 = Release|Any CPU
		{F7D1088C-CEC6-4399-B353-1D4B90C1FDDE}.Release|x64.ActiveCfg = Release|Any CPU
		{F7D1088C-CEC6-4399-B353-1D4B90C1FDDE}.Release|x64.Build.0 = Release|Any CPU
		{F7D1088C-CEC6-4399-B353-1D4B90C1FDDE}.Release|x86.ActiveCfg = Release|Any CPU
		{F7D1088C-CEC6-4399-B353-1D4B90C1FDDE}.Release|x86.Build.0 = Release|Any CPU
	EndGlobalSection
	GlobalSection(SolutionProperties) = preSolution
		HideSolutionNode = FALSE
	EndGlobalSection
	GlobalSection(NestedProjects) = preSolution
		{0424B153-0620-4714-BD71-D9812F4EC3BF} = {F30895DC-C3AC-FF44-FFF8-D51D98AE1B61}
		{8882EF68-70A7-430C-8800-4B37F2A0E959} = {F30895DC-C3AC-FF44-FFF8-D51D98AE1B61}
		{3970C9F2-6CB9-4613-9343-57FBB6C3AEAF} = {B712602A-2FD7-D24C-5AC0-D7C9840334D2}
		{FF107ECF-8D70-4DB7-805E-1ECC55C2FA37} = {B712602A-2FD7-D24C-5AC0-D7C9840334D2}
		{C21CB951-CE9D-4FA6-8FD4-A92EE8BEADA8} = {F30895DC-C3AC-FF44-FFF8-D51D98AE1B61}
		{1548CD19-722E-4B32-BEE5-1CAB5257B1E9} = {F30895DC-C3AC-FF44-FFF8-D51D98AE1B61}
		{48D96F72-F086-4C08-B272-F71EBDF919FE} = {F30895DC-C3AC-FF44-FFF8-D51D98AE1B61}
		{F7D1088C-CEC6-4399-B353-1D4B90C1FDDE} = {F30895DC-C3AC-FF44-FFF8-D51D98AE1B61}
	EndGlobalSection
EndGlobal
